
Microsoft Visual Studio Solution File, Format Version 12.00
# Visual Studio Version 16
VisualStudioVersion = 16.0.30204.135
MinimumVisualStudioVersion = 10.0.40219.1
Project("{9A19103F-16F7-4668-BE54-9A1E7A4F7556}") = "Napier Bank Message Filtering Service", "Napier Bank Message Filtering Service\Napier Bank Message Filtering Service.csproj", "{7D7A7897-2117-43BB-A8DE-19D6149EC84C}"
EndProject
Project("{9A19103F-16F7-4668-BE54-9A1E7A4F7556}") = "DataLayer", "DataLayer\DataLayer.csproj", "{70FDAD39-EAB7-42D4-B691-0A39710975E5}"
EndProject
Project("{9A19103F-16F7-4668-BE54-9A1E7A4F7556}") = "BusinessLayer", "BusinessLayer\BusinessLayer.csproj", "{4C09BBFF-D173-4D4F-8300-EEA4AEB342CC}"
EndProject
Global
	GlobalSection(SolutionConfigurationPlatforms) = preSolution
		Debug|Any CPU = Debug|Any CPU
		Release|Any CPU = Release|Any CPU
	EndGlobalSection
	GlobalSection(ProjectConfigurationPlatforms) = postSolution
		{7D7A7897-2117-43BB-A8DE-19D6149EC84C}.Debug|Any CPU.ActiveCfg = Debug|Any CPU
		{7D7A7897-2117-43BB-A8DE-19D6149EC84C}.Debug|Any CPU.Build.0 = Debug|Any CPU
		{7D7A7897-2117-43BB-A8DE-19D6149EC84C}.Release|Any CPU.ActiveCfg = Release|Any CPU
		{7D7A7897-2117-43BB-A8DE-19D6149EC84C}.Release|Any CPU.Build.0 = Release|Any CPU
		{70FDAD39-EAB7-42D4-B691-0A39710975E5}.Debug|Any CPU.ActiveCfg = Debug|Any CPU
		{70FDAD39-EAB7-42D4-B691-0A39710975E5}.Debug|Any CPU.Build.0 = Debug|Any CPU
		{70FDAD39-EAB7-42D4-B691-0A39710975E5}.Release|Any CPU.ActiveCfg = Release|Any CPU
		{70FDAD39-EAB7-42D4-B691-0A39710975E5}.Release|Any CPU.Build.0 = Release|Any CPU
		{4C09BBFF-D173-4D4F-8300-EEA4AEB342CC}.Debug|Any CPU.ActiveCfg = Debug|Any CPU
		{4C09BBFF-D173-4D4F-8300-EEA4AEB342CC}.Debug|Any CPU.Build.0 = Debug|Any CPU
		{4C09BBFF-D173-4D4F-8300-EEA4AEB342CC}.Release|Any CPU.ActiveCfg = Release|Any CPU
		{4C09BBFF-D173-4D4F-8300-EEA4AEB342CC}.Release|Any CPU.Build.0 = Release|Any CPU
	EndGlobalSection
	GlobalSection(SolutionProperties) = preSolution
		HideSolutionNode = FALSE
	EndGlobalSection
	GlobalSection(ExtensibilityGlobals) = postSolution
		SolutionGuid = {D2E49A99-12BA-496E-96D4-42BA4FE7E1EA}
	EndGlobalSection
EndGlobal
